
Microsoft Visual Studio Solution File, Format Version 12.00
# Visual Studio Version 16
VisualStudioVersion = 16.0.30114.105
MinimumVisualStudioVersion = 10.0.40219.1
Project("{FAE04EC0-301F-11D3-BF4B-00C04F79EFBC}") = "BlazorApp", "BlazorApp\BlazorApp.csproj", "{6BB7CDAE-0351-4266-B864-B5D180DE6142}"
EndProject
Project("{FAE04EC0-301F-11D3-BF4B-00C04F79EFBC}") = "BlazorApp.Api", "BlazorApp.Api\BlazorApp.Api.csproj", "{C740236D-55D8-4A9A-9D19-86E9602881F3}"
EndProject
Project("{FAE04EC0-301F-11D3-BF4B-00C04F79EFBC}") = "BlazorApp.Core", "BlazorApp.Core\BlazorApp.Core.csproj", "{91647E20-1B66-4228-8B64-0294C8780F8E}"
EndProject
Project("{FAE04EC0-301F-11D3-BF4B-00C04F79EFBC}") = "BlazorApp.Infrastructure", "BlazorApp.Infrastructure\BlazorApp.Infrastructure.csproj", "{B7A49D3A-2E38-4F0C-9F73-56737624E661}"
EndProject
Global
	GlobalSection(SolutionConfigurationPlatforms) = preSolution
		Debug|Any CPU = Debug|Any CPU
		Debug|x64 = Debug|x64
		Debug|x86 = Debug|x86
		Release|Any CPU = Release|Any CPU
		Release|x64 = Release|x64
		Release|x86 = Release|x86
	EndGlobalSection
	GlobalSection(SolutionProperties) = preSolution
		HideSolutionNode = FALSE
	EndGlobalSection
	GlobalSection(ProjectConfigurationPlatforms) = postSolution
		{6BB7CDAE-0351-4266-B864-B5D180DE6142}.Debug|Any CPU.ActiveCfg = Debug|Any CPU
		{6BB7CDAE-0351-4266-B864-B5D180DE6142}.Debug|Any CPU.Build.0 = Debug|Any CPU
		{6BB7CDAE-0351-4266-B864-B5D180DE6142}.Debug|x64.ActiveCfg = Debug|Any CPU
		{6BB7CDAE-0351-4266-B864-B5D180DE6142}.Debug|x64.Build.0 = Debug|Any CPU
		{6BB7CDAE-0351-4266-B864-B5D180DE6142}.Debug|x86.ActiveCfg = Debug|Any CPU
		{6BB7CDAE-0351-4266-B864-B5D180DE6142}.Debug|x86.Build.0 = Debug|Any CPU
		{6BB7CDAE-0351-4266-B864-B5D180DE6142}.Release|Any CPU.ActiveCfg = Release|Any CPU
		{6BB7CDAE-0351-4266-B864-B5D180DE6142}.Release|Any CPU.Build.0 = Release|Any CPU
		{6BB7CDAE-0351-4266-B864-B5D180DE6142}.Release|x64.ActiveCfg = Release|Any CPU
		{6BB7CDAE-0351-4266-B864-B5D180DE6142}.Release|x64.Build.0 = Release|Any CPU
		{6BB7CDAE-0351-4266-B864-B5D180DE6142}.Release|x86.ActiveCfg = Release|Any CPU
		{6BB7CDAE-0351-4266-B864-B5D180DE6142}.Release|x86.Build.0 = Release|Any CPU
		{A92B61CC-0C0F-4DB4-BF74-E4070FED827E}.Debug|Any CPU.ActiveCfg = Debug|Any CPU
		{A92B61CC-0C0F-4DB4-BF74-E4070FED827E}.Debug|Any CPU.Build.0 = Debug|Any CPU
		{A92B61CC-0C0F-4DB4-BF74-E4070FED827E}.Debug|x64.ActiveCfg = Debug|Any CPU
		{A92B61CC-0C0F-4DB4-BF74-E4070FED827E}.Debug|x64.Build.0 = Debug|Any CPU
		{A92B61CC-0C0F-4DB4-BF74-E4070FED827E}.Debug|x86.ActiveCfg = Debug|Any CPU
		{A92B61CC-0C0F-4DB4-BF74-E4070FED827E}.Debug|x86.Build.0 = Debug|Any CPU
		{A92B61CC-0C0F-4DB4-BF74-E4070FED827E}.Release|Any CPU.ActiveCfg = Release|Any CPU
		{A92B61CC-0C0F-4DB4-BF74-E4070FED827E}.Release|Any CPU.Build.0 = Release|Any CPU
		{A92B61CC-0C0F-4DB4-BF74-E4070FED827E}.Release|x64.ActiveCfg = Release|Any CPU
		{A92B61CC-0C0F-4DB4-BF74-E4070FED827E}.Release|x64.Build.0 = Release|Any CPU
		{A92B61CC-0C0F-4DB4-BF74-E4070FED827E}.Release|x86.ActiveCfg = Release|Any CPU
		{A92B61CC-0C0F-4DB4-BF74-E4070FED827E}.Release|x86.Build.0 = Release|Any CPU
		{C740236D-55D8-4A9A-9D19-86E9602881F3}.Debug|Any CPU.ActiveCfg = Debug|Any CPU
		{C740236D-55D8-4A9A-9D19-86E9602881F3}.Debug|Any CPU.Build.0 = Debug|Any CPU
		{C740236D-55D8-4A9A-9D19-86E9602881F3}.Debug|x64.ActiveCfg = Debug|Any CPU
		{C740236D-55D8-4A9A-9D19-86E9602881F3}.Debug|x64.Build.0 = Debug|Any CPU
		{C740236D-55D8-4A9A-9D19-86E9602881F3}.Debug|x86.ActiveCfg = Debug|Any CPU
		{C740236D-55D8-4A9A-9D19-86E9602881F3}.Debug|x86.Build.0 = Debug|Any CPU
		{C740236D-55D8-4A9A-9D19-86E9602881F3}.Release|Any CPU.ActiveCfg = Release|Any CPU
		{C740236D-55D8-4A9A-9D19-86E9602881F3}.Release|Any CPU.Build.0 = Release|Any CPU
		{C740236D-55D8-4A9A-9D19-86E9602881F3}.Release|x64.ActiveCfg = Release|Any CPU
		{C740236D-55D8-4A9A-9D19-86E9602881F3}.Release|x64.Build.0 = Release|Any CPU
		{C740236D-55D8-4A9A-9D19-86E9602881F3}.Release|x86.ActiveCfg = Release|Any CPU
		{C740236D-55D8-4A9A-9D19-86E9602881F3}.Release|x86.Build.0 = Release|Any CPU
		{91647E20-1B66-4228-8B64-0294C8780F8E}.Debug|Any CPU.ActiveCfg = Debug|Any CPU
		{91647E20-1B66-4228-8B64-0294C8780F8E}.Debug|Any CPU.Build.0 = Debug|Any CPU
		{91647E20-1B66-4228-8B64-0294C8780F8E}.Debug|x64.ActiveCfg = Debug|Any CPU
		{91647E20-1B66-4228-8B64-0294C8780F8E}.Debug|x64.Build.0 = Debug|Any CPU
		{91647E20-1B66-4228-8B64-0294C8780F8E}.Debug|x86.ActiveCfg = Debug|Any CPU
		{91647E20-1B66-4228-8B64-0294C8780F8E}.Debug|x86.Build.0 = Debug|Any CPU
		{91647E20-1B66-4228-8B64-0294C8780F8E}.Release|Any CPU.ActiveCfg = Release|Any CPU
		{91647E20-1B66-4228-8B64-0294C8780F8E}.Release|Any CPU.Build.0 = Release|Any CPU
		{91647E20-1B66-4228-8B64-0294C8780F8E}.Release|x64.ActiveCfg = Release|Any CPU
		{91647E20-1B66-4228-8B64-0294C8780F8E}.Release|x64.Build.0 = Release|Any CPU
		{91647E20-1B66-4228-8B64-0294C8780F8E}.Release|x86.ActiveCfg = Release|Any CPU
		{91647E20-1B66-4228-8B64-0294C8780F8E}.Release|x86.Build.0 = Release|Any CPU
		{B7A49D3A-2E38-4F0C-9F73-56737624E661}.Debug|Any CPU.ActiveCfg = Debug|Any CPU
		{B7A49D3A-2E38-4F0C-9F73-56737624E661}.Debug|Any CPU.Build.0 = Debug|Any CPU
		{B7A49D3A-2E38-4F0C-9F73-56737624E661}.Debug|x64.ActiveCfg = Debug|Any CPU
		{B7A49D3A-2E38-4F0C-9F73-56737624E661}.Debug|x64.Build.0 = Debug|Any CPU
		{B7A49D3A-2E38-4F0C-9F73-56737624E661}.Debug|x86.ActiveCfg = Debug|Any CPU
		{B7A49D3A-2E38-4F0C-9F73-56737624E661}.Debug|x86.Build.0 = Debug|Any CPU
		{B7A49D3A-2E38-4F0C-9F73-56737624E661}.Release|Any CPU.ActiveCfg = Release|Any CPU
		{B7A49D3A-2E38-4F0C-9F73-56737624E661}.Release|Any CPU.Build.0 = Release|Any CPU
		{B7A49D3A-2E38-4F0C-9F73-56737624E661}.Release|x64.ActiveCfg = Release|Any CPU
		{B7A49D3A-2E38-4F0C-9F73-56737624E661}.Release|x64.Build.0 = Release|Any CPU
		{B7A49D3A-2E38-4F0C-9F73-56737624E661}.Release|x86.ActiveCfg = Release|Any CPU
		{B7A49D3A-2E38-4F0C-9F73-56737624E661}.Release|x86.Build.0 = Release|Any CPU
	EndGlobalSection
EndGlobal
